
Microsoft Visual Studio Solution File, Format Version 11.00
# Visual Studio 2010
Project("{4925A630-B079-445d-BCD4-3A9C94FE9307}") = "SimpleLeafImp", "SimpleLeafImp.fsproj", "{EC900178-1BAC-4089-B97C-9B7BEBBE3D58}"
EndProject
Global
	GlobalSection(SolutionConfigurationPlatforms) = preSolution
		Debug|x86 = Debug|x86
		Release|x86 = Release|x86
	EndGlobalSection
	GlobalSection(ProjectConfigurationPlatforms) = postSolution
		{EC900178-1BAC-4089-B97C-9B7BEBBE3D58}.Debug|x86.ActiveCfg = Debug|x86
		{EC900178-1BAC-4089-B97C-9B7BEBBE3D58}.Debug|x86.Build.0 = Debug|x86
		{EC900178-1BAC-4089-B97C-9B7BEBBE3D58}.Release|x86.ActiveCfg = Release|x86
		{EC900178-1BAC-4089-B97C-9B7BEBBE3D58}.Release|x86.Build.0 = Release|x86
	EndGlobalSection
	GlobalSection(MonoDevelopProperties) = preSolution
		StartupItem = SimpleLeafImp.fsproj
	EndGlobalSection
EndGlobal
